// !$*UTF8*$!
{
	archiveVersion = 1;
	classes = {
	};
	objectVersion = 56;
	objects = {

/* Begin PBXBuildFile section */
		CF8C24A92BC192BB004541B6 /* whatTheCupApp.swift in Sources */ = {isa = PBXBuildFile; fileRef = CF8C24A82BC192BB004541B6 /* whatTheCupApp.swift */; };
		CF8C24AD2BC192BD004541B6 /* Assets.xcassets in Resources */ = {isa = PBXBuildFile; fileRef = CF8C24AC2BC192BD004541B6 /* Assets.xcassets */; };
		CF8C24B02BC192BD004541B6 /* Preview Assets.xcassets in Resources */ = {isa = PBXBuildFile; fileRef = CF8C24AF2BC192BD004541B6 /* Preview Assets.xcassets */; };
		CF8C24BD2BC1B044004541B6 /* HomeView.swift in Sources */ = {isa = PBXBuildFile; fileRef = CF8C24BC2BC1B044004541B6 /* HomeView.swift */; };
		CF8C24BF2BC1B0F5004541B6 /* Image.swift in Sources */ = {isa = PBXBuildFile; fileRef = CF8C24BE2BC1B0F5004541B6 /* Image.swift */; };
		CF8C24C12BC1B67D004541B6 /* GameViewTop.swift in Sources */ = {isa = PBXBuildFile; fileRef = CF8C24C02BC1B67D004541B6 /* GameViewTop.swift */; };
		CF8C24C52BC1D633004541B6 /* GameViewTopModel.swift in Sources */ = {isa = PBXBuildFile; fileRef = CF8C24C42BC1D633004541B6 /* GameViewTopModel.swift */; };
		CF8C24C72BC1DDFA004541B6 /* Character.swift in Sources */ = {isa = PBXBuildFile; fileRef = CF8C24C62BC1DDFA004541B6 /* Character.swift */; };
		CF8C24CA2BC1DEA6004541B6 /* CharacterData.swift in Sources */ = {isa = PBXBuildFile; fileRef = CF8C24C92BC1DEA6004541B6 /* CharacterData.swift */; };
/* End PBXBuildFile section */

/* Begin PBXFileReference section */
		CF8C24A52BC192BB004541B6 /* whatTheCup.app */ = {isa = PBXFileReference; explicitFileType = wrapper.application; includeInIndex = 0; path = whatTheCup.app; sourceTree = BUILT_PRODUCTS_DIR; };
		CF8C24A82BC192BB004541B6 /* whatTheCupApp.swift */ = {isa = PBXFileReference; lastKnownFileType = sourcecode.swift; path = whatTheCupApp.swift; sourceTree = "<group>"; };
		CF8C24AC2BC192BD004541B6 /* Assets.xcassets */ = {isa = PBXFileReference; lastKnownFileType = folder.assetcatalog; path = Assets.xcassets; sourceTree = "<group>"; };
		CF8C24AF2BC192BD004541B6 /* Preview Assets.xcassets */ = {isa = PBXFileReference; lastKnownFileType = folder.assetcatalog; path = "Preview Assets.xcassets"; sourceTree = "<group>"; };
		CF8C24BC2BC1B044004541B6 /* HomeView.swift */ = {isa = PBXFileReference; lastKnownFileType = sourcecode.swift; path = HomeView.swift; sourceTree = "<group>"; };
		CF8C24BE2BC1B0F5004541B6 /* Image.swift */ = {isa = PBXFileReference; lastKnownFileType = sourcecode.swift; path = Image.swift; sourceTree = "<group>"; };
		CF8C24C02BC1B67D004541B6 /* GameViewTop.swift */ = {isa = PBXFileReference; lastKnownFileType = sourcecode.swift; path = GameViewTop.swift; sourceTree = "<group>"; };
		CF8C24C42BC1D633004541B6 /* GameViewTopModel.swift */ = {isa = PBXFileReference; lastKnownFileType = sourcecode.swift; path = GameViewTopModel.swift; sourceTree = "<group>"; };
		CF8C24C62BC1DDFA004541B6 /* Character.swift */ = {isa = PBXFileReference; lastKnownFileType = sourcecode.swift; path = Character.swift; sourceTree = "<group>"; };
		CF8C24C92BC1DEA6004541B6 /* CharacterData.swift */ = {isa = PBXFileReference; lastKnownFileType = sourcecode.swift; path = CharacterData.swift; sourceTree = "<group>"; };
/* End PBXFileReference section */

/* Begin PBXFrameworksBuildPhase section */
		CF8C24A22BC192BB004541B6 /* Frameworks */ = {
			isa = PBXFrameworksBuildPhase;
			buildActionMask = 2147483647;
			files = (
			);
			runOnlyForDeploymentPostprocessing = 0;
		};
/* End PBXFrameworksBuildPhase section */

/* Begin PBXGroup section */
		CF8C249C2BC192BB004541B6 = {
			isa = PBXGroup;
			children = (
				CF8C24A72BC192BB004541B6 /* whatTheCup */,
				CF8C24A62BC192BB004541B6 /* Products */,
			);
			sourceTree = "<group>";
		};
		CF8C24A62BC192BB004541B6 /* Products */ = {
			isa = PBXGroup;
			children = (
				CF8C24A52BC192BB004541B6 /* whatTheCup.app */,
			);
			name = Products;
			sourceTree = "<group>";
		};
		CF8C24A72BC192BB004541B6 /* whatTheCup */ = {
			isa = PBXGroup;
			children = (
				CF8C24A82BC192BB004541B6 /* whatTheCupApp.swift */,
				CF8C24B62BC19ABE004541B6 /* Core */,
				CF8C24C82BC1DE90004541B6 /* Database */,
				CF8C24BA2BC19AEA004541B6 /* Extensions */,
				CF8C24BB2BC19AF2004541B6 /* Resources */,
				CF8C24AC2BC192BD004541B6 /* Assets.xcassets */,
				CF8C24AE2BC192BD004541B6 /* Preview Content */,
			);
			path = whatTheCup;
			sourceTree = "<group>";
		};
		CF8C24AE2BC192BD004541B6 /* Preview Content */ = {
			isa = PBXGroup;
			children = (
				CF8C24AF2BC192BD004541B6 /* Preview Assets.xcassets */,
			);
			path = "Preview Content";
			sourceTree = "<group>";
		};
		CF8C24B62BC19ABE004541B6 /* Core */ = {
			isa = PBXGroup;
			children = (
				CF8C24B72BC19AC3004541B6 /* Model */,
				CF8C24B92BC19AD9004541B6 /* View */,
				CF8C24B82BC19ACC004541B6 /* ViewModel */,
			);
			path = Core;
			sourceTree = "<group>";
		};
		CF8C24B72BC19AC3004541B6 /* Model */ = {
			isa = PBXGroup;
			children = (
				CF8C24C62BC1DDFA004541B6 /* Character.swift */,
			);
			path = Model;
			sourceTree = "<group>";
		};
		CF8C24B82BC19ACC004541B6 /* ViewModel */ = {
			isa = PBXGroup;
			children = (
				CF8C24C42BC1D633004541B6 /* GameViewTopModel.swift */,
			);
			path = ViewModel;
			sourceTree = "<group>";
		};
		CF8C24B92BC19AD9004541B6 /* View */ = {
			isa = PBXGroup;
			children = (
				CF8C24BC2BC1B044004541B6 /* HomeView.swift */,
				CF8C24C02BC1B67D004541B6 /* GameViewTop.swift */,
			);
			path = View;
			sourceTree = "<group>";
		};
		CF8C24BA2BC19AEA004541B6 /* Extensions */ = {
			isa = PBXGroup;
			children = (
				CF8C24BE2BC1B0F5004541B6 /* Image.swift */,
			);
			path = Extensions;
			sourceTree = "<group>";
		};
		CF8C24BB2BC19AF2004541B6 /* Resources */ = {
			isa = PBXGroup;
			children = (
			);
			path = Resources;
			sourceTree = "<group>";
		};
		CF8C24C82BC1DE90004541B6 /* Database */ = {
			isa = PBXGroup;
			children = (
				CF8C24C92BC1DEA6004541B6 /* CharacterData.swift */,
			);
			path = Database;
			sourceTree = "<group>";
		};
/* End PBXGroup section */

/* Begin PBXNativeTarget section */
		CF8C24A42BC192BB004541B6 /* whatTheCup */ = {
			isa = PBXNativeTarget;
			buildConfigurationList = CF8C24B32BC192BD004541B6 /* Build configuration list for PBXNativeTarget "whatTheCup" */;
			buildPhases = (
				CF8C24A12BC192BB004541B6 /* Sources */,
				CF8C24A22BC192BB004541B6 /* Frameworks */,
				CF8C24A32BC192BB004541B6 /* Resources */,
			);
			buildRules = (
			);
			dependencies = (
			);
			name = whatTheCup;
			productName = whatTheCup;
			productReference = CF8C24A52BC192BB004541B6 /* whatTheCup.app */;
			productType = "com.apple.product-type.application";
		};
/* End PBXNativeTarget section */

/* Begin PBXProject section */
		CF8C249D2BC192BB004541B6 /* Project object */ = {
			isa = PBXProject;
			attributes = {
				BuildIndependentTargetsInParallel = 1;
				LastSwiftUpdateCheck = 1520;
				LastUpgradeCheck = 1520;
				TargetAttributes = {
					CF8C24A42BC192BB004541B6 = {
						CreatedOnToolsVersion = 15.2;
					};
				};
			};
			buildConfigurationList = CF8C24A02BC192BB004541B6 /* Build configuration list for PBXProject "whatTheCup" */;
			compatibilityVersion = "Xcode 14.0";
			developmentRegion = en;
			hasScannedForEncodings = 0;
			knownRegions = (
				en,
				Base,
			);
			mainGroup = CF8C249C2BC192BB004541B6;
			productRefGroup = CF8C24A62BC192BB004541B6 /* Products */;
			projectDirPath = "";
			projectRoot = "";
			targets = (
				CF8C24A42BC192BB004541B6 /* whatTheCup */,
			);
		};
/* End PBXProject section */

/* Begin PBXResourcesBuildPhase section */
		CF8C24A32BC192BB004541B6 /* Resources */ = {
			isa = PBXResourcesBuildPhase;
			buildActionMask = 2147483647;
			files = (
				CF8C24B02BC192BD004541B6 /* Preview Assets.xcassets in Resources */,
				CF8C24AD2BC192BD004541B6 /* Assets.xcassets in Resources */,
			);
			runOnlyForDeploymentPostprocessing = 0;
		};
/* End PBXResourcesBuildPhase section */

/* Begin PBXSourcesBuildPhase section */
		CF8C24A12BC192BB004541B6 /* Sources */ = {
			isa = PBXSourcesBuildPhase;
			buildActionMask = 2147483647;
			files = (
				CF8C24CA2BC1DEA6004541B6 /* CharacterData.swift in Sources */,
				CF8C24C52BC1D633004541B6 /* GameViewTopModel.swift in Sources */,
				CF8C24C12BC1B67D004541B6 /* GameViewTop.swift in Sources */,
				CF8C24BD2BC1B044004541B6 /* HomeView.swift in Sources */,
				CF8C24C72BC1DDFA004541B6 /* Character.swift in Sources */,
				CF8C24BF2BC1B0F5004541B6 /* Image.swift in Sources */,
				CF8C24A92BC192BB004541B6 /* whatTheCupApp.swift in Sources */,
			);
			runOnlyForDeploymentPostprocessing = 0;
		};
/* End PBXSourcesBuildPhase section */

/* Begin XCBuildConfiguration section */
		CF8C24B12BC192BD004541B6 /* Debug */ = {
			isa = XCBuildConfiguration;
			buildSettings = {
				ALWAYS_SEARCH_USER_PATHS = NO;
				ASSETCATALOG_COMPILER_GENERATE_SWIFT_ASSET_SYMBOL_EXTENSIONS = YES;
				CLANG_ANALYZER_NONNULL = YES;
				CLANG_ANALYZER_NUMBER_OBJECT_CONVERSION = YES_AGGRESSIVE;
				CLANG_CXX_LANGUAGE_STANDARD = "gnu++20";
				CLANG_ENABLE_MODULES = YES;
				CLANG_ENABLE_OBJC_ARC = YES;
				CLANG_ENABLE_OBJC_WEAK = YES;
				CLANG_WARN_BLOCK_CAPTURE_AUTORELEASING = YES;
				CLANG_WARN_BOOL_CONVERSION = YES;
				CLANG_WARN_COMMA = YES;
				CLANG_WARN_CONSTANT_CONVERSION = YES;
				CLANG_WARN_DEPRECATED_OBJC_IMPLEMENTATIONS = YES;
				CLANG_WARN_DIRECT_OBJC_ISA_USAGE = YES_ERROR;
				CLANG_WARN_DOCUMENTATION_COMMENTS = YES;
				CLANG_WARN_EMPTY_BODY = YES;
				CLANG_WARN_ENUM_CONVERSION = YES;
				CLANG_WARN_INFINITE_RECURSION = YES;
				CLANG_WARN_INT_CONVERSION = YES;
				CLANG_WARN_NON_LITERAL_NULL_CONVERSION = YES;
				CLANG_WARN_OBJC_IMPLICIT_RETAIN_SELF = YES;
				CLANG_WARN_OBJC_LITERAL_CONVERSION = YES;
				CLANG_WARN_OBJC_ROOT_CLASS = YES_ERROR;
				CLANG_WARN_QUOTED_INCLUDE_IN_FRAMEWORK_HEADER = YES;
				CLANG_WARN_RANGE_LOOP_ANALYSIS = YES;
				CLANG_WARN_STRICT_PROTOTYPES = YES;
				CLANG_WARN_SUSPICIOUS_MOVE = YES;
				CLANG_WARN_UNGUARDED_AVAILABILITY = YES_AGGRESSIVE;
				CLANG_WARN_UNREACHABLE_CODE = YES;
				CLANG_WARN__DUPLICATE_METHOD_MATCH = YES;
				COPY_PHASE_STRIP = NO;
				DEBUG_INFORMATION_FORMAT = dwarf;
				ENABLE_STRICT_OBJC_MSGSEND = YES;
				ENABLE_TESTABILITY = YES;
				ENABLE_USER_SCRIPT_SANDBOXING = YES;
				GCC_C_LANGUAGE_STANDARD = gnu17;
				GCC_DYNAMIC_NO_PIC = NO;
				GCC_NO_COMMON_BLOCKS = YES;
				GCC_OPTIMIZATION_LEVEL = 0;
				GCC_PREPROCESSOR_DEFINITIONS = (
					"DEBUG=1",
					"$(inherited)",
				);
				GCC_WARN_64_TO_32_BIT_CONVERSION = YES;
				GCC_WARN_ABOUT_RETURN_TYPE = YES_ERROR;
				GCC_WARN_UNDECLARED_SELECTOR = YES;
				GCC_WARN_UNINITIALIZED_AUTOS = YES_AGGRESSIVE;
				GCC_WARN_UNUSED_FUNCTION = YES;
				GCC_WARN_UNUSED_VARIABLE = YES;
				IPHONEOS_DEPLOYMENT_TARGET = 17.2;
				LOCALIZATION_PREFERS_STRING_CATALOGS = YES;
				MTL_ENABLE_DEBUG_INFO = INCLUDE_SOURCE;
				MTL_FAST_MATH = YES;
				ONLY_ACTIVE_ARCH = YES;
				SDKROOT = iphoneos;
				SWIFT_ACTIVE_COMPILATION_CONDITIONS = "DEBUG $(inherited)";
				SWIFT_OPTIMIZATION_LEVEL = "-Onone";
			};
			name = Debug;
		};
		CF8C24B22BC192BD004541B6 /* Release */ = {
			isa = XCBuildConfiguration;
			buildSettings = {
				ALWAYS_SEARCH_USER_PATHS = NO;
				ASSETCATALOG_COMPILER_GENERATE_SWIFT_ASSET_SYMBOL_EXTENSIONS = YES;
				CLANG_ANALYZER_NONNULL = YES;
				CLANG_ANALYZER_NUMBER_OBJECT_CONVERSION = YES_AGGRESSIVE;
				CLANG_CXX_LANGUAGE_STANDARD = "gnu++20";
				CLANG_ENABLE_MODULES = YES;
				CLANG_ENABLE_OBJC_ARC = YES;
				CLANG_ENABLE_OBJC_WEAK = YES;
				CLANG_WARN_BLOCK_CAPTURE_AUTORELEASING = YES;
				CLANG_WARN_BOOL_CONVERSION = YES;
				CLANG_WARN_COMMA = YES;
				CLANG_WARN_CONSTANT_CONVERSION = YES;
				CLANG_WARN_DEPRECATED_OBJC_IMPLEMENTATIONS = YES;
				CLANG_WARN_DIRECT_OBJC_ISA_USAGE = YES_ERROR;
				CLANG_WARN_DOCUMENTATION_COMMENTS = YES;
				CLANG_WARN_EMPTY_BODY = YES;
				CLANG_WARN_ENUM_CONVERSION = YES;
				CLANG_WARN_INFINITE_RECURSION = YES;
				CLANG_WARN_INT_CONVERSION = YES;
				CLANG_WARN_NON_LITERAL_NULL_CONVERSION = YES;
				CLANG_WARN_OBJC_IMPLICIT_RETAIN_SELF = YES;
				CLANG_WARN_OBJC_LITERAL_CONVERSION = YES;
				CLANG_WARN_OBJC_ROOT_CLASS = YES_ERROR;
				CLANG_WARN_QUOTED_INCLUDE_IN_FRAMEWORK_HEADER = YES;
				CLANG_WARN_RANGE_LOOP_ANALYSIS = YES;
				CLANG_WARN_STRICT_PROTOTYPES = YES;
				CLANG_WARN_SUSPICIOUS_MOVE = YES;
				CLANG_WARN_UNGUARDED_AVAILABILITY = YES_AGGRESSIVE;
				CLANG_WARN_UNREACHABLE_CODE = YES;
				CLANG_WARN__DUPLICATE_METHOD_MATCH = YES;
				COPY_PHASE_STRIP = NO;
				DEBUG_INFORMATION_FORMAT = "dwarf-with-dsym";
				ENABLE_NS_ASSERTIONS = NO;
				ENABLE_STRICT_OBJC_MSGSEND = YES;
				ENABLE_USER_SCRIPT_SANDBOXING = YES;
				GCC_C_LANGUAGE_STANDARD = gnu17;
				GCC_NO_COMMON_BLOCKS = YES;
				GCC_WARN_64_TO_32_BIT_CONVERSION = YES;
				GCC_WARN_ABOUT_RETURN_TYPE = YES_ERROR;
				GCC_WARN_UNDECLARED_SELECTOR = YES;
				GCC_WARN_UNINITIALIZED_AUTOS = YES_AGGRESSIVE;
				GCC_WARN_UNUSED_FUNCTION = YES;
				GCC_WARN_UNUSED_VARIABLE = YES;
				IPHONEOS_DEPLOYMENT_TARGET = 17.2;
				LOCALIZATION_PREFERS_STRING_CATALOGS = YES;
				MTL_ENABLE_DEBUG_INFO = NO;
				MTL_FAST_MATH = YES;
				SDKROOT = iphoneos;
				SWIFT_COMPILATION_MODE = wholemodule;
				VALIDATE_PRODUCT = YES;
			};
			name = Release;
		};
		CF8C24B42BC192BD004541B6 /* Debug */ = {
			isa = XCBuildConfiguration;
			buildSettings = {
				ASSETCATALOG_COMPILER_APPICON_NAME = AppIcon;
				ASSETCATALOG_COMPILER_GLOBAL_ACCENT_COLOR_NAME = AccentColor;
				CODE_SIGN_STYLE = Automatic;
				CURRENT_PROJECT_VERSION = 1;
				DEVELOPMENT_ASSET_PATHS = "\"whatTheCup/Preview Content\"";
				DEVELOPMENT_TEAM = 88BLQ7RZ9Q;
				ENABLE_PREVIEWS = YES;
				GENERATE_INFOPLIST_FILE = YES;
				INFOPLIST_KEY_UIApplicationSceneManifest_Generation = YES;
				INFOPLIST_KEY_UIApplicationSupportsIndirectInputEvents = YES;
				INFOPLIST_KEY_UILaunchScreen_Generation = YES;
				INFOPLIST_KEY_UISupportedInterfaceOrientations_iPad = "UIInterfaceOrientationPortrait UIInterfaceOrientationPortraitUpsideDown UIInterfaceOrientationLandscapeLeft UIInterfaceOrientationLandscapeRight";
				INFOPLIST_KEY_UISupportedInterfaceOrientations_iPhone = "UIInterfaceOrientationPortrait UIInterfaceOrientationLandscapeLeft UIInterfaceOrientationLandscapeRight";
				LD_RUNPATH_SEARCH_PATHS = (
					"$(inherited)",
					"@executable_path/Frameworks",
				);
				MARKETING_VERSION = 1.0;
				PRODUCT_BUNDLE_IDENTIFIER = lss8.whatTheCup;
				PRODUCT_NAME = "$(TARGET_NAME)";
				SWIFT_EMIT_LOC_STRINGS = YES;
				SWIFT_VERSION = 5.0;
				TARGETED_DEVICE_FAMILY = "1,2";
			};
			name = Debug;
		};
		CF8C24B52BC192BD004541B6 /* Release */ = {
			isa = XCBuildConfiguration;
			buildSettings = {
				ASSETCATALOG_COMPILER_APPICON_NAME = AppIcon;
				ASSETCATALOG_COMPILER_GLOBAL_ACCENT_COLOR_NAME = AccentColor;
				CODE_SIGN_STYLE = Automatic;
				CURRENT_PROJECT_VERSION = 1;
				DEVELOPMENT_ASSET_PATHS = "\"whatTheCup/Preview Content\"";
				DEVELOPMENT_TEAM = 88BLQ7RZ9Q;
				ENABLE_PREVIEWS = YES;
				GENERATE_INFOPLIST_FILE = YES;
				INFOPLIST_KEY_UIApplicationSceneManifest_Generation = YES;
				INFOPLIST_KEY_UIApplicationSupportsIndirectInputEvents = YES;
				INFOPLIST_KEY_UILaunchScreen_Generation = YES;
				INFOPLIST_KEY_UISupportedInterfaceOrientations_iPad = "UIInterfaceOrientationPortrait UIInterfaceOrientationPortraitUpsideDown UIInterfaceOrientationLandscapeLeft UIInterfaceOrientationLandscapeRight";
				INFOPLIST_KEY_UISupportedInterfaceOrientations_iPhone = "UIInterfaceOrientationPortrait UIInterfaceOrientationLandscapeLeft UIInterfaceOrientationLandscapeRight";
				LD_RUNPATH_SEARCH_PATHS = (
					"$(inherited)",
					"@executable_path/Frameworks",
				);
				MARKETING_VERSION = 1.0;
				PRODUCT_BUNDLE_IDENTIFIER = lss8.whatTheCup;
				PRODUCT_NAME = "$(TARGET_NAME)";
				SWIFT_EMIT_LOC_STRINGS = YES;
				SWIFT_VERSION = 5.0;
				TARGETED_DEVICE_FAMILY = "1,2";
			};
			name = Release;
		};
/* End XCBuildConfiguration section */

/* Begin XCConfigurationList section */
		CF8C24A02BC192BB004541B6 /* Build configuration list for PBXProject "whatTheCup" */ = {
			isa = XCConfigurationList;
			buildConfigurations = (
				CF8C24B12BC192BD004541B6 /* Debug */,
				CF8C24B22BC192BD004541B6 /* Release */,
			);
			defaultConfigurationIsVisible = 0;
			defaultConfigurationName = Release;
		};
		CF8C24B32BC192BD004541B6 /* Build configuration list for PBXNativeTarget "whatTheCup" */ = {
			isa = XCConfigurationList;
			buildConfigurations = (
				CF8C24B42BC192BD004541B6 /* Debug */,
				CF8C24B52BC192BD004541B6 /* Release */,
			);
			defaultConfigurationIsVisible = 0;
			defaultConfigurationName = Release;
		};
/* End XCConfigurationList section */
	};
	rootObject = CF8C249D2BC192BB004541B6 /* Project object */;
}
